
Microsoft Visual Studio Solution File, Format Version 12.00
# Visual Studio Version 17
VisualStudioVersion = 17.13.35828.75
MinimumVisualStudioVersion = 10.0.40219.1
Project("{FAE04EC0-301F-11D3-BF4B-00C04F79EFBC}") = "EmpleadosMorados", "EmpleadosMorados\EmpleadosMorados.csproj", "{AA28BD7C-C11C-490B-8804-E1AD4157C766}"
EndProject
Global
	GlobalSection(SolutionConfigurationPlatforms) = preSolution
		Debug|Any CPU = Debug|Any CPU
		Release|Any CPU = Release|Any CPU
	EndGlobalSection
	GlobalSection(ProjectConfigurationPlatforms) = postSolution
		{AA28BD7C-C11C-490B-8804-E1AD4157C766}.Debug|Any CPU.ActiveCfg = Debug|Any CPU
		{AA28BD7C-C11C-490B-8804-E1AD4157C766}.Debug|Any CPU.Build.0 = Debug|Any CPU
		{AA28BD7C-C11C-490B-8804-E1AD4157C766}.Release|Any CPU.ActiveCfg = Release|Any CPU
		{AA28BD7C-C11C-490B-8804-E1AD4157C766}.Release|Any CPU.Build.0 = Release|Any CPU
	EndGlobalSection
	GlobalSection(SolutionProperties) = preSolution
		HideSolutionNode = FALSE
	EndGlobalSection
	GlobalSection(ExtensibilityGlobals) = postSolution
		SolutionGuid = {0596BFA5-6147-486D-88D4-328C834FEBBE}
	EndGlobalSection
EndGlobal
